
Microsoft Visual Studio Solution File, Format Version 12.00
# Visual Studio 15
VisualStudioVersion = 15.0.28307.757
MinimumVisualStudioVersion = 10.0.40219.1
Project("{FAE04EC0-301F-11D3-BF4B-00C04F79EFBC}") = "ServerTest", "ServerTest\ServerTest.csproj", "{4082D8DB-F9CB-4812-8242-33A587BC9CD8}"
EndProject
Global
	GlobalSection(SolutionConfigurationPlatforms) = preSolution
		Debug|Any CPU = Debug|Any CPU
		Release|Any CPU = Release|Any CPU
	EndGlobalSection
	GlobalSection(ProjectConfigurationPlatforms) = postSolution
		{4082D8DB-F9CB-4812-8242-33A587BC9CD8}.Debug|Any CPU.ActiveCfg = Debug|Any CPU
		{4082D8DB-F9CB-4812-8242-33A587BC9CD8}.Debug|Any CPU.Build.0 = Debug|Any CPU
		{4082D8DB-F9CB-4812-8242-33A587BC9CD8}.Release|Any CPU.ActiveCfg = Release|Any CPU
		{4082D8DB-F9CB-4812-8242-33A587BC9CD8}.Release|Any CPU.Build.0 = Release|Any CPU
	EndGlobalSection
	GlobalSection(SolutionProperties) = preSolution
		HideSolutionNode = FALSE
	EndGlobalSection
	GlobalSection(ExtensibilityGlobals) = postSolution
		SolutionGuid = {8B595A46-0736-4201-849D-8D7F3CE14B88}
	EndGlobalSection
EndGlobal
